// !$*UTF8*$!
{
	archiveVersion = 1;
	classes = {
	};
	objectVersion = 46;
	objects = {

/* Begin PBXBuildFile section */
		71D1D5871945C9C20022C710 /* main.m in Sources */ = {isa = PBXBuildFile; fileRef = 71D1D5861945C9C20022C710 /* main.m */; };
		71D1D58A1945C9C20022C710 /* AppDelegate.m in Sources */ = {isa = PBXBuildFile; fileRef = 71D1D5891945C9C20022C710 /* AppDelegate.m */; };
		71D1D58D1945C9C20022C710 /* todolist.xcdatamodeld in Sources */ = {isa = PBXBuildFile; fileRef = 71D1D58B1945C9C20022C710 /* todolist.xcdatamodeld */; };
		71D1D5901945C9C20022C710 /* ViewController.m in Sources */ = {isa = PBXBuildFile; fileRef = 71D1D58F1945C9C20022C710 /* ViewController.m */; };
		71D1D5931945C9C20022C710 /* Main.storyboard in Resources */ = {isa = PBXBuildFile; fileRef = 71D1D5911945C9C20022C710 /* Main.storyboard */; };
		71D1D5951945C9C20022C710 /* Images.xcassets in Resources */ = {isa = PBXBuildFile; fileRef = 71D1D5941945C9C20022C710 /* Images.xcassets */; };
		71D1D5A11945C9C30022C710 /* todolistTests.m in Sources */ = {isa = PBXBuildFile; fileRef = 71D1D5A01945C9C30022C710 /* todolistTests.m */; };
/* End PBXBuildFile section */

/* Begin PBXContainerItemProxy section */
		71D1D59B1945C9C30022C710 /* PBXContainerItemProxy */ = {
			isa = PBXContainerItemProxy;
			containerPortal = 71D1D5791945C9C20022C710 /* Project object */;
			proxyType = 1;
			remoteGlobalIDString = 71D1D5801945C9C20022C710;
			remoteInfo = todolist;
		};
/* End PBXContainerItemProxy section */

/* Begin PBXFileReference section */
		71D1D5811945C9C20022C710 /* todolist.app */ = {isa = PBXFileReference; explicitFileType = wrapper.application; includeInIndex = 0; path = todolist.app; sourceTree = BUILT_PRODUCTS_DIR; };
		71D1D5851945C9C20022C710 /* Info.plist */ = {isa = PBXFileReference; lastKnownFileType = text.plist.xml; path = Info.plist; sourceTree = "<group>"; };
		71D1D5861945C9C20022C710 /* main.m */ = {isa = PBXFileReference; lastKnownFileType = sourcecode.c.objc; path = main.m; sourceTree = "<group>"; };
		71D1D5881945C9C20022C710 /* AppDelegate.h */ = {isa = PBXFileReference; lastKnownFileType = sourcecode.c.h; path = AppDelegate.h; sourceTree = "<group>"; };
		71D1D5891945C9C20022C710 /* AppDelegate.m */ = {isa = PBXFileReference; lastKnownFileType = sourcecode.c.objc; path = AppDelegate.m; sourceTree = "<group>"; };
		71D1D58C1945C9C20022C710 /* todolist.xcdatamodel */ = {isa = PBXFileReference; lastKnownFileType = wrapper.xcdatamodel; path = todolist.xcdatamodel; sourceTree = "<group>"; };
		71D1D58E1945C9C20022C710 /* ViewController.h */ = {isa = PBXFileReference; lastKnownFileType = sourcecode.c.h; path = ViewController.h; sourceTree = "<group>"; };
		71D1D58F1945C9C20022C710 /* ViewController.m */ = {isa = PBXFileReference; lastKnownFileType = sourcecode.c.objc; path = ViewController.m; sourceTree = "<group>"; };
		71D1D5921945C9C20022C710 /* Base */ = {isa = PBXFileReference; lastKnownFileType = file.storyboard; name = Base; path = Base.lproj/Main.storyboard; sourceTree = "<group>"; };
		71D1D5941945C9C20022C710 /* Images.xcassets */ = {isa = PBXFileReference; lastKnownFileType = folder.assetcatalog; path = Images.xcassets; sourceTree = "<group>"; };
		71D1D59A1945C9C30022C710 /* todolistTests.xctest */ = {isa = PBXFileReference; explicitFileType = wrapper.cfbundle; includeInIndex = 0; path = todolistTests.xctest; sourceTree = BUILT_PRODUCTS_DIR; };
		71D1D59F1945C9C30022C710 /* Info.plist */ = {isa = PBXFileReference; lastKnownFileType = text.plist.xml; path = Info.plist; sourceTree = "<group>"; };
		71D1D5A01945C9C30022C710 /* todolistTests.m */ = {isa = PBXFileReference; lastKnownFileType = sourcecode.c.objc; path = todolistTests.m; sourceTree = "<group>"; };
/* End PBXFileReference section */

/* Begin PBXFrameworksBuildPhase section */
		71D1D57E1945C9C20022C710 /* Frameworks */ = {
			isa = PBXFrameworksBuildPhase;
			buildActionMask = 2147483647;
			files = (
			);
			runOnlyForDeploymentPostprocessing = 0;
		};
		71D1D5971945C9C30022C710 /* Frameworks */ = {
			isa = PBXFrameworksBuildPhase;
			buildActionMask = 2147483647;
			files = (
			);
			runOnlyForDeploymentPostprocessing = 0;
		};
/* End PBXFrameworksBuildPhase section */

/* Begin PBXGroup section */
		71D1D5781945C9C20022C710 = {
			isa = PBXGroup;
			children = (
				71D1D5831945C9C20022C710 /* todolist */,
				71D1D59D1945C9C30022C710 /* todolistTests */,
				71D1D5821945C9C20022C710 /* Products */,
			);
			sourceTree = "<group>";
		};
		71D1D5821945C9C20022C710 /* Products */ = {
			isa = PBXGroup;
			children = (
				71D1D5811945C9C20022C710 /* todolist.app */,
				71D1D59A1945C9C30022C710 /* todolistTests.xctest */,
			);
			name = Products;
			sourceTree = "<group>";
		};
		71D1D5831945C9C20022C710 /* todolist */ = {
			isa = PBXGroup;
			children = (
				71D1D5881945C9C20022C710 /* AppDelegate.h */,
				71D1D5891945C9C20022C710 /* AppDelegate.m */,
				71D1D58E1945C9C20022C710 /* ViewController.h */,
				71D1D58F1945C9C20022C710 /* ViewController.m */,
				71D1D5911945C9C20022C710 /* Main.storyboard */,
				71D1D5941945C9C20022C710 /* Images.xcassets */,
				71D1D58B1945C9C20022C710 /* todolist.xcdatamodeld */,
				71D1D5841945C9C20022C710 /* Supporting Files */,
			);
			path = todolist;
			sourceTree = "<group>";
		};
		71D1D5841945C9C20022C710 /* Supporting Files */ = {
			isa = PBXGroup;
			children = (
				71D1D5851945C9C20022C710 /* Info.plist */,
				71D1D5861945C9C20022C710 /* main.m */,
			);
			name = "Supporting Files";
			sourceTree = "<group>";
		};
		71D1D59D1945C9C30022C710 /* todolistTests */ = {
			isa = PBXGroup;
			children = (
				71D1D5A01945C9C30022C710 /* todolistTests.m */,
				71D1D59E1945C9C30022C710 /* Supporting Files */,
			);
			path = todolistTests;
			sourceTree = "<group>";
		};
		71D1D59E1945C9C30022C710 /* Supporting Files */ = {
			isa = PBXGroup;
			children = (
				71D1D59F1945C9C30022C710 /* Info.plist */,
			);
			name = "Supporting Files";
			sourceTree = "<group>";
		};
/* End PBXGroup section */

/* Begin PBXNativeTarget section */
		71D1D5801945C9C20022C710 /* todolist */ = {
			isa = PBXNativeTarget;
			buildConfigurationList = 71D1D5A41945C9C30022C710 /* Build configuration list for PBXNativeTarget "todolist" */;
			buildPhases = (
				71D1D57D1945C9C20022C710 /* Sources */,
				71D1D57E1945C9C20022C710 /* Frameworks */,
				71D1D57F1945C9C20022C710 /* Resources */,
			);
			buildRules = (
			);
			dependencies = (
			);
			name = todolist;
			productName = todolist;
			productReference = 71D1D5811945C9C20022C710 /* todolist.app */;
			productType = "com.apple.product-type.application";
		};
		71D1D5991945C9C30022C710 /* todolistTests */ = {
			isa = PBXNativeTarget;
			buildConfigurationList = 71D1D5A71945C9C30022C710 /* Build configuration list for PBXNativeTarget "todolistTests" */;
			buildPhases = (
				71D1D5961945C9C30022C710 /* Sources */,
				71D1D5971945C9C30022C710 /* Frameworks */,
				71D1D5981945C9C30022C710 /* Resources */,
			);
			buildRules = (
			);
			dependencies = (
				71D1D59C1945C9C30022C710 /* PBXTargetDependency */,
			);
			name = todolistTests;
			productName = todolistTests;
			productReference = 71D1D59A1945C9C30022C710 /* todolistTests.xctest */;
			productType = "com.apple.product-type.bundle.unit-test";
		};
/* End PBXNativeTarget section */

/* Begin PBXProject section */
		71D1D5791945C9C20022C710 /* Project object */ = {
			isa = PBXProject;
			attributes = {
				LastUpgradeCheck = 0600;
				ORGANIZATIONNAME = "Panasun Sunanta";
				TargetAttributes = {
					71D1D5801945C9C20022C710 = {
						CreatedOnToolsVersion = 6.0;
					};
					71D1D5991945C9C30022C710 = {
						CreatedOnToolsVersion = 6.0;
						TestTargetID = 71D1D5801945C9C20022C710;
					};
				};
			};
			buildConfigurationList = 71D1D57C1945C9C20022C710 /* Build configuration list for PBXProject "todolist" */;
			compatibilityVersion = "Xcode 3.2";
			developmentRegion = English;
			hasScannedForEncodings = 0;
			knownRegions = (
				en,
				Base,
			);
			mainGroup = 71D1D5781945C9C20022C710;
			productRefGroup = 71D1D5821945C9C20022C710 /* Products */;
			projectDirPath = "";
			projectRoot = "";
			targets = (
				71D1D5801945C9C20022C710 /* todolist */,
				71D1D5991945C9C30022C710 /* todolistTests */,
			);
		};
/* End PBXProject section */

/* Begin PBXResourcesBuildPhase section */
		71D1D57F1945C9C20022C710 /* Resources */ = {
			isa = PBXResourcesBuildPhase;
			buildActionMask = 2147483647;
			files = (
				71D1D5931945C9C20022C710 /* Main.storyboard in Resources */,
				71D1D5951945C9C20022C710 /* Images.xcassets in Resources */,
			);
			runOnlyForDeploymentPostprocessing = 0;
		};
		71D1D5981945C9C30022C710 /* Resources */ = {
			isa = PBXResourcesBuildPhase;
			buildActionMask = 2147483647;
			files = (
			);
			runOnlyForDeploymentPostprocessing = 0;
		};
/* End PBXResourcesBuildPhase section */

/* Begin PBXSourcesBuildPhase section */
		71D1D57D1945C9C20022C710 /* Sources */ = {
			isa = PBXSourcesBuildPhase;
			buildActionMask = 2147483647;
			files = (
				71D1D58D1945C9C20022C710 /* todolist.xcdatamodeld in Sources */,
				71D1D58A1945C9C20022C710 /* AppDelegate.m in Sources */,
				71D1D5901945C9C20022C710 /* ViewController.m in Sources */,
				71D1D5871945C9C20022C710 /* main.m in Sources */,
			);
			runOnlyForDeploymentPostprocessing = 0;
		};
		71D1D5961945C9C30022C710 /* Sources */ = {
			isa = PBXSourcesBuildPhase;
			buildActionMask = 2147483647;
			files = (
				71D1D5A11945C9C30022C710 /* todolistTests.m in Sources */,
			);
			runOnlyForDeploymentPostprocessing = 0;
		};
/* End PBXSourcesBuildPhase section */

/* Begin PBXTargetDependency section */
		71D1D59C1945C9C30022C710 /* PBXTargetDependency */ = {
			isa = PBXTargetDependency;
			target = 71D1D5801945C9C20022C710 /* todolist */;
			targetProxy = 71D1D59B1945C9C30022C710 /* PBXContainerItemProxy */;
		};
/* End PBXTargetDependency section */

/* Begin PBXVariantGroup section */
		71D1D5911945C9C20022C710 /* Main.storyboard */ = {
			isa = PBXVariantGroup;
			children = (
				71D1D5921945C9C20022C710 /* Base */,
			);
			name = Main.storyboard;
			sourceTree = "<group>";
		};
/* End PBXVariantGroup section */

/* Begin XCBuildConfiguration section */
		71D1D5A21945C9C30022C710 /* Debug */ = {
			isa = XCBuildConfiguration;
			buildSettings = {
				ALWAYS_SEARCH_USER_PATHS = NO;
				CLANG_CXX_LANGUAGE_STANDARD = "gnu++0x";
				CLANG_CXX_LIBRARY = "libc++";
				CLANG_ENABLE_MODULES = YES;
				CLANG_ENABLE_OBJC_ARC = YES;
				CLANG_WARN_BOOL_CONVERSION = YES;
				CLANG_WARN_CONSTANT_CONVERSION = YES;
				CLANG_WARN_DIRECT_OBJC_ISA_USAGE = YES_ERROR;
				CLANG_WARN_EMPTY_BODY = YES;
				CLANG_WARN_ENUM_CONVERSION = YES;
				CLANG_WARN_INT_CONVERSION = YES;
				CLANG_WARN_OBJC_ROOT_CLASS = YES_ERROR;
				CLANG_WARN_UNREACHABLE_CODE = YES;
				CLANG_WARN__DUPLICATE_METHOD_MATCH = YES;
				"CODE_SIGN_IDENTITY[sdk=iphoneos*]" = "iPhone Developer";
				COPY_PHASE_STRIP = NO;
				ENABLE_STRICT_OBJC_MSGSEND = YES;
				GCC_C_LANGUAGE_STANDARD = gnu99;
				GCC_DYNAMIC_NO_PIC = NO;
				GCC_OPTIMIZATION_LEVEL = 0;
				GCC_PREPROCESSOR_DEFINITIONS = (
					"DEBUG=1",
					"$(inherited)",
				);
				GCC_SYMBOLS_PRIVATE_EXTERN = NO;
				GCC_WARN_64_TO_32_BIT_CONVERSION = YES;
				GCC_WARN_ABOUT_RETURN_TYPE = YES_ERROR;
				GCC_WARN_UNDECLARED_SELECTOR = YES;
				GCC_WARN_UNINITIALIZED_AUTOS = YES_AGGRESSIVE;
				GCC_WARN_UNUSED_FUNCTION = YES;
				GCC_WARN_UNUSED_VARIABLE = YES;
				IPHONEOS_DEPLOYMENT_TARGET = 8.0;
				METAL_ENABLE_DEBUG_INFO = YES;
				ONLY_ACTIVE_ARCH = YES;
				SDKROOT = iphoneos;
				TARGETED_DEVICE_FAMILY = "1,2";
			};
			name = Debug;
		};
		71D1D5A31945C9C30022C710 /* Release */ = {
			isa = XCBuildConfiguration;
			buildSettings = {
				ALWAYS_SEARCH_USER_PATHS = NO;
				CLANG_CXX_LANGUAGE_STANDARD = "gnu++0x";
				CLANG_CXX_LIBRARY = "libc++";
				CLANG_ENABLE_MODULES = YES;
				CLANG_ENABLE_OBJC_ARC = YES;
				CLANG_WARN_BOOL_CONVERSION = YES;
				CLANG_WARN_CONSTANT_CONVERSION = YES;
				CLANG_WARN_DIRECT_OBJC_ISA_USAGE = YES_ERROR;
				CLANG_WARN_EMPTY_BODY = YES;
				CLANG_WARN_ENUM_CONVERSION = YES;
				CLANG_WARN_INT_CONVERSION = YES;
				CLANG_WARN_OBJC_ROOT_CLASS = YES_ERROR;
				CLANG_WARN_UNREACHABLE_CODE = YES;
				CLANG_WARN__DUPLICATE_METHOD_MATCH = YES;
				"CODE_SIGN_IDENTITY[sdk=iphoneos*]" = "iPhone Developer";
				COPY_PHASE_STRIP = YES;
				ENABLE_NS_ASSERTIONS = NO;
				ENABLE_STRICT_OBJC_MSGSEND = YES;
				GCC_C_LANGUAGE_STANDARD = gnu99;
				GCC_WARN_64_TO_32_BIT_CONVERSION = YES;
				GCC_WARN_ABOUT_RETURN_TYPE = YES_ERROR;
				GCC_WARN_UNDECLARED_SELECTOR = YES;
				GCC_WARN_UNINITIALIZED_AUTOS = YES_AGGRESSIVE;
				GCC_WARN_UNUSED_FUNCTION = YES;
				GCC_WARN_UNUSED_VARIABLE = YES;
				IPHONEOS_DEPLOYMENT_TARGET = 8.0;
				METAL_ENABLE_DEBUG_INFO = NO;
				SDKROOT = iphoneos;
				TARGETED_DEVICE_FAMILY = "1,2";
				VALIDATE_PRODUCT = YES;
			};
			name = Release;
		};
		71D1D5A51945C9C30022C710 /* Debug */ = {
			isa = XCBuildConfiguration;
			buildSettings = {
				ASSETCATALOG_COMPILER_APPICON_NAME = AppIcon;
				ASSETCATALOG_COMPILER_LAUNCHIMAGE_NAME = LaunchImage;
				INFOPLIST_FILE = todolist/Info.plist;
				LD_RUNPATH_SEARCH_PATHS = "$(inherited) @executable_path/Frameworks";
				PRODUCT_NAME = "$(TARGET_NAME)";
			};
			name = Debug;
		};
		71D1D5A61945C9C30022C710 /* Release */ = {
			isa = XCBuildConfiguration;
			buildSettings = {
				ASSETCATALOG_COMPILER_APPICON_NAME = AppIcon;
				ASSETCATALOG_COMPILER_LAUNCHIMAGE_NAME = LaunchImage;
				INFOPLIST_FILE = todolist/Info.plist;
				LD_RUNPATH_SEARCH_PATHS = "$(inherited) @executable_path/Frameworks";
				PRODUCT_NAME = "$(TARGET_NAME)";
			};
			name = Release;
		};
		71D1D5A81945C9C30022C710 /* Debug */ = {
			isa = XCBuildConfiguration;
			buildSettings = {
				BUNDLE_LOADER = "$(BUILT_PRODUCTS_DIR)/todolist.app/todolist";
				FRAMEWORK_SEARCH_PATHS = (
					"$(SDKROOT)/Developer/Library/Frameworks",
					"$(inherited)",
				);
				GCC_PREPROCESSOR_DEFINITIONS = (
					"DEBUG=1",
					"$(inherited)",
				);
				INFOPLIST_FILE = todolistTests/Info.plist;
				LD_RUNPATH_SEARCH_PATHS = "$(inherited) @executable_path/Frameworks @loader_path/Frameworks";
				METAL_ENABLE_DEBUG_INFO = YES;
				PRODUCT_NAME = "$(TARGET_NAME)";
				TEST_HOST = "$(BUNDLE_LOADER)";
			};
			name = Debug;
		};
		71D1D5A91945C9C30022C710 /* Release */ = {
			isa = XCBuildConfiguration;
			buildSettings = {
				BUNDLE_LOADER = "$(BUILT_PRODUCTS_DIR)/todolist.app/todolist";
				FRAMEWORK_SEARCH_PATHS = (
					"$(SDKROOT)/Developer/Library/Frameworks",
					"$(inherited)",
				);
				INFOPLIST_FILE = todolistTests/Info.plist;
				LD_RUNPATH_SEARCH_PATHS = "$(inherited) @executable_path/Frameworks @loader_path/Frameworks";
				METAL_ENABLE_DEBUG_INFO = NO;
				PRODUCT_NAME = "$(TARGET_NAME)";
				TEST_HOST = "$(BUNDLE_LOADER)";
			};
			name = Release;
		};
/* End XCBuildConfiguration section */

/* Begin XCConfigurationList section */
		71D1D57C1945C9C20022C710 /* Build configuration list for PBXProject "todolist" */ = {
			isa = XCConfigurationList;
			buildConfigurations = (
				71D1D5A21945C9C30022C710 /* Debug */,
				71D1D5A31945C9C30022C710 /* Release */,
			);
			defaultConfigurationIsVisible = 0;
			defaultConfigurationName = Release;
		};
		71D1D5A41945C9C30022C710 /* Build configuration list for PBXNativeTarget "todolist" */ = {
			isa = XCConfigurationList;
			buildConfigurations = (
				71D1D5A51945C9C30022C710 /* Debug */,
				71D1D5A61945C9C30022C710 /* Release */,
			);
			defaultConfigurationIsVisible = 0;
		};
		71D1D5A71945C9C30022C710 /* Build configuration list for PBXNativeTarget "todolistTests" */ = {
			isa = XCConfigurationList;
			buildConfigurations = (
				71D1D5A81945C9C30022C710 /* Debug */,
				71D1D5A91945C9C30022C710 /* Release */,
			);
			defaultConfigurationIsVisible = 0;
		};
/* End XCConfigurationList section */

/* Begin XCVersionGroup section */
		71D1D58B1945C9C20022C710 /* todolist.xcdatamodeld */ = {
			isa = XCVersionGroup;
			children = (
				71D1D58C1945C9C20022C710 /* todolist.xcdatamodel */,
			);
			currentVersion = 71D1D58C1945C9C20022C710 /* todolist.xcdatamodel */;
			path = todolist.xcdatamodeld;
			sourceTree = "<group>";
			versionGroupType = wrapper.xcdatamodel;
		};
/* End XCVersionGroup section */
	};
	rootObject = 71D1D5791945C9C20022C710 /* Project object */;
}
